
Microsoft Visual Studio Solution File, Format Version 12.00
# Visual Studio Version 17
VisualStudioVersion = 17.0.31903.59
MinimumVisualStudioVersion = 10.0.40219.1
Project("{2150E333-8FDC-42A3-9474-1A3956D46DE8}") = "6.Api", "6.Api", "{DDFDA808-25B0-4587-B935-D80AE906917D}"
EndProject
Project("{FAE04EC0-301F-11D3-BF4B-00C04F79EFBC}") = "Framework", "5.Framework\Framework\Framework.csproj", "{EF220531-D2B9-47F1-805F-4B11B2F30542}"
EndProject
Project("{2150E333-8FDC-42A3-9474-1A3956D46DE8}") = "5.Framework", "5.Framework", "{0DCADB37-CA8E-414C-BC60-0D630A386F90}"
EndProject
Project("{FAE04EC0-301F-11D3-BF4B-00C04F79EFBC}") = "Service", "4.Service\Service\Service.csproj", "{4C110A93-3E5A-4023-9800-A4817A3AC1C2}"
EndProject
Project("{2150E333-8FDC-42A3-9474-1A3956D46DE8}") = "4.Service", "4.Service", "{03F2968D-90B2-4B5A-96F0-88B66B7846EF}"
EndProject
Project("{FAE04EC0-301F-11D3-BF4B-00C04F79EFBC}") = "Data", "3.Data\Data\Data.csproj", "{3A5F5C54-948A-4BF3-BE57-35CCADF60E57}"
EndProject
Project("{2150E333-8FDC-42A3-9474-1A3956D46DE8}") = "3.Data", "3.Data", "{E2F7E9F7-0A5C-412E-AAD1-BD97D114E65F}"
EndProject
Project("{FAE04EC0-301F-11D3-BF4B-00C04F79EFBC}") = "Entity", "2.Entity\Entity\Entity.csproj", "{2732F577-39A0-4B27-8569-9CF1AB5B6067}"
EndProject
Project("{2150E333-8FDC-42A3-9474-1A3956D46DE8}") = "2.Entity", "2.Entity", "{2442FFC6-6A41-4EA3-A0E7-82936B2197D2}"
EndProject
Project("{FAE04EC0-301F-11D3-BF4B-00C04F79EFBC}") = "Common", "1.Common\Common\Common.csproj", "{953B2A87-EABA-4F24-9179-27E515F8494E}"
EndProject
Project("{2150E333-8FDC-42A3-9474-1A3956D46DE8}") = "1.Common", "1.Common", "{110BD314-3F07-4CB7-8E09-CED933F991BE}"
EndProject
Project("{FAE04EC0-301F-11D3-BF4B-00C04F79EFBC}") = "Api", "6.Api\Api\Api.csproj", "{67B9DD88-E548-4BE4-A9DE-6693CEF56C45}"
EndProject
Global
	GlobalSection(SolutionConfigurationPlatforms) = preSolution
		Debug|Any CPU = Debug|Any CPU
		Release|Any CPU = Release|Any CPU
	EndGlobalSection
	GlobalSection(SolutionProperties) = preSolution
		HideSolutionNode = FALSE
	EndGlobalSection
	GlobalSection(ProjectConfigurationPlatforms) = postSolution
		{EF220531-D2B9-47F1-805F-4B11B2F30542}.Debug|Any CPU.ActiveCfg = Debug|Any CPU
		{EF220531-D2B9-47F1-805F-4B11B2F30542}.Debug|Any CPU.Build.0 = Debug|Any CPU
		{EF220531-D2B9-47F1-805F-4B11B2F30542}.Release|Any CPU.ActiveCfg = Release|Any CPU
		{EF220531-D2B9-47F1-805F-4B11B2F30542}.Release|Any CPU.Build.0 = Release|Any CPU
		{4C110A93-3E5A-4023-9800-A4817A3AC1C2}.Debug|Any CPU.ActiveCfg = Debug|Any CPU
		{4C110A93-3E5A-4023-9800-A4817A3AC1C2}.Debug|Any CPU.Build.0 = Debug|Any CPU
		{4C110A93-3E5A-4023-9800-A4817A3AC1C2}.Release|Any CPU.ActiveCfg = Release|Any CPU
		{4C110A93-3E5A-4023-9800-A4817A3AC1C2}.Release|Any CPU.Build.0 = Release|Any CPU
		{3A5F5C54-948A-4BF3-BE57-35CCADF60E57}.Debug|Any CPU.ActiveCfg = Debug|Any CPU
		{3A5F5C54-948A-4BF3-BE57-35CCADF60E57}.Debug|Any CPU.Build.0 = Debug|Any CPU
		{3A5F5C54-948A-4BF3-BE57-35CCADF60E57}.Release|Any CPU.ActiveCfg = Release|Any CPU
		{3A5F5C54-948A-4BF3-BE57-35CCADF60E57}.Release|Any CPU.Build.0 = Release|Any CPU
		{2732F577-39A0-4B27-8569-9CF1AB5B6067}.Debug|Any CPU.ActiveCfg = Debug|Any CPU
		{2732F577-39A0-4B27-8569-9CF1AB5B6067}.Debug|Any CPU.Build.0 = Debug|Any CPU
		{2732F577-39A0-4B27-8569-9CF1AB5B6067}.Release|Any CPU.ActiveCfg = Release|Any CPU
		{2732F577-39A0-4B27-8569-9CF1AB5B6067}.Release|Any CPU.Build.0 = Release|Any CPU
		{953B2A87-EABA-4F24-9179-27E515F8494E}.Debug|Any CPU.ActiveCfg = Debug|Any CPU
		{953B2A87-EABA-4F24-9179-27E515F8494E}.Debug|Any CPU.Build.0 = Debug|Any CPU
		{953B2A87-EABA-4F24-9179-27E515F8494E}.Release|Any CPU.ActiveCfg = Release|Any CPU
		{953B2A87-EABA-4F24-9179-27E515F8494E}.Release|Any CPU.Build.0 = Release|Any CPU
		{67B9DD88-E548-4BE4-A9DE-6693CEF56C45}.Debug|Any CPU.ActiveCfg = Debug|Any CPU
		{67B9DD88-E548-4BE4-A9DE-6693CEF56C45}.Debug|Any CPU.Build.0 = Debug|Any CPU
		{67B9DD88-E548-4BE4-A9DE-6693CEF56C45}.Release|Any CPU.ActiveCfg = Release|Any CPU
		{67B9DD88-E548-4BE4-A9DE-6693CEF56C45}.Release|Any CPU.Build.0 = Release|Any CPU
	EndGlobalSection
	GlobalSection(NestedProjects) = preSolution
		{EF220531-D2B9-47F1-805F-4B11B2F30542} = {0DCADB37-CA8E-414C-BC60-0D630A386F90}
		{4C110A93-3E5A-4023-9800-A4817A3AC1C2} = {03F2968D-90B2-4B5A-96F0-88B66B7846EF}
		{3A5F5C54-948A-4BF3-BE57-35CCADF60E57} = {E2F7E9F7-0A5C-412E-AAD1-BD97D114E65F}
		{2732F577-39A0-4B27-8569-9CF1AB5B6067} = {2442FFC6-6A41-4EA3-A0E7-82936B2197D2}
		{953B2A87-EABA-4F24-9179-27E515F8494E} = {110BD314-3F07-4CB7-8E09-CED933F991BE}
		{67B9DD88-E548-4BE4-A9DE-6693CEF56C45} = {DDFDA808-25B0-4587-B935-D80AE906917D}
	EndGlobalSection
EndGlobal
